// !$*UTF8*$!
{
	archiveVersion = 1;
	classes = {
	};
	objectVersion = 50;
	objects = {

/* Begin PBXBuildFile section */
		EA11D64321C7D9F800EF6120 /* Wrong.mp3 in Resources */ = {isa = PBXBuildFile; fileRef = EA11D64121C7D9F800EF6120 /* Wrong.mp3 */; };
		EA11D64421C7D9F800EF6120 /* VoTay.mp3 in Resources */ = {isa = PBXBuildFile; fileRef = EA11D64221C7D9F800EF6120 /* VoTay.mp3 */; };
		EA11D64921C7DA0A00EF6120 /* dung roi.wav in Resources */ = {isa = PBXBuildFile; fileRef = EA11D64521C7DA0A00EF6120 /* dung roi.wav */; };
		EA11D64A21C7DA0A00EF6120 /* thu cach khac.wav in Resources */ = {isa = PBXBuildFile; fileRef = EA11D64621C7DA0A00EF6120 /* thu cach khac.wav */; };
		EA11D64B21C7DA0A00EF6120 /* be that gioi.wav in Resources */ = {isa = PBXBuildFile; fileRef = EA11D64721C7DA0A00EF6120 /* be that gioi.wav */; };
		EA11D64C21C7DA0A00EF6120 /* Correct.mp3 in Resources */ = {isa = PBXBuildFile; fileRef = EA11D64821C7DA0A00EF6120 /* Correct.mp3 */; };
		EA11D64E21C7DA1600EF6120 /* AllFallDown.mp3 in Resources */ = {isa = PBXBuildFile; fileRef = EA11D64D21C7DA1600EF6120 /* AllFallDown.mp3 */; };
		EA11D65321C7E70E00EF6120 /* DongVatViewController.swift in Sources */ = {isa = PBXBuildFile; fileRef = EA11D65121C7E70E00EF6120 /* DongVatViewController.swift */; };
		EA11D65421C7E70E00EF6120 /* DongVatViewController.xib in Resources */ = {isa = PBXBuildFile; fileRef = EA11D65221C7E70E00EF6120 /* DongVatViewController.xib */; };
		EA11D65821C7E73100EF6120 /* NhacCuViewController.swift in Sources */ = {isa = PBXBuildFile; fileRef = EA11D65621C7E73100EF6120 /* NhacCuViewController.swift */; };
		EA11D65921C7E73100EF6120 /* NhacCuViewController.xib in Resources */ = {isa = PBXBuildFile; fileRef = EA11D65721C7E73100EF6120 /* NhacCuViewController.xib */; };
		EA11D65D21C7E74F00EF6120 /* PhuongTienViewController.swift in Sources */ = {isa = PBXBuildFile; fileRef = EA11D65B21C7E74F00EF6120 /* PhuongTienViewController.swift */; };
		EA11D65E21C7E74F00EF6120 /* PhuongTienViewController.xib in Resources */ = {isa = PBXBuildFile; fileRef = EA11D65C21C7E74F00EF6120 /* PhuongTienViewController.xib */; };
		EA11D66221C7E7CB00EF6120 /* BubbleViewController.xib in Resources */ = {isa = PBXBuildFile; fileRef = EA11D66021C7E7CB00EF6120 /* BubbleViewController.xib */; };
		EA11D66321C7E7CB00EF6120 /* BubbleViewController.swift in Sources */ = {isa = PBXBuildFile; fileRef = EA11D66121C7E7CB00EF6120 /* BubbleViewController.swift */; };
		EA11D66721C7F0B200EF6120 /* ChamSocNewViewController.swift in Sources */ = {isa = PBXBuildFile; fileRef = EA11D66521C7F0B200EF6120 /* ChamSocNewViewController.swift */; };
		EA11D66821C7F0B200EF6120 /* ChamSocNewViewController.xib in Resources */ = {isa = PBXBuildFile; fileRef = EA11D66621C7F0B200EF6120 /* ChamSocNewViewController.xib */; };
		EA2D7A8921C5057C00ADDE5D /* Array.swift in Sources */ = {isa = PBXBuildFile; fileRef = EA2D7A8821C5057C00ADDE5D /* Array.swift */; };
		EA2D7A8C21C507E100ADDE5D /* BaseViewController.swift in Sources */ = {isa = PBXBuildFile; fileRef = EA2D7A8B21C507E100ADDE5D /* BaseViewController.swift */; };
		EA2D7A9021C50D4600ADDE5D /* CamXuc1ViewController.swift in Sources */ = {isa = PBXBuildFile; fileRef = EA2D7A8E21C50D4600ADDE5D /* CamXuc1ViewController.swift */; };
		EA2D7A9121C50D4600ADDE5D /* CamXuc1ViewController.xib in Resources */ = {isa = PBXBuildFile; fileRef = EA2D7A8F21C50D4600ADDE5D /* CamXuc1ViewController.xib */; };
		EA9EF49421BE9B37004AF132 /* AppDelegate.swift in Sources */ = {isa = PBXBuildFile; fileRef = EA9EF49321BE9B37004AF132 /* AppDelegate.swift */; };
		EA9EF49621BE9B37004AF132 /* MainViewController.swift in Sources */ = {isa = PBXBuildFile; fileRef = EA9EF49521BE9B37004AF132 /* MainViewController.swift */; };
		EA9EF49921BE9B37004AF132 /* Main.storyboard in Resources */ = {isa = PBXBuildFile; fileRef = EA9EF49721BE9B37004AF132 /* Main.storyboard */; };
		EA9EF49B21BE9B39004AF132 /* Assets.xcassets in Resources */ = {isa = PBXBuildFile; fileRef = EA9EF49A21BE9B39004AF132 /* Assets.xcassets */; };
		EA9EF49E21BE9B39004AF132 /* LaunchScreen.storyboard in Resources */ = {isa = PBXBuildFile; fileRef = EA9EF49C21BE9B39004AF132 /* LaunchScreen.storyboard */; };
		EAC2A0AA21C928220013AD17 /* trong.mp4 in Resources */ = {isa = PBXBuildFile; fileRef = EAC2A0A521C928220013AD17 /* trong.mp4 */; };
		EAC2A0AB21C928220013AD17 /* DanTung.mp4 in Resources */ = {isa = PBXBuildFile; fileRef = EAC2A0A621C928220013AD17 /* DanTung.mp4 */; };
		EAC2A0AC21C928220013AD17 /* dan.mp4 in Resources */ = {isa = PBXBuildFile; fileRef = EAC2A0A721C928220013AD17 /* dan.mp4 */; };
		EAC2A0AD21C928220013AD17 /* ken.mp4 in Resources */ = {isa = PBXBuildFile; fileRef = EAC2A0A821C928220013AD17 /* ken.mp4 */; };
		EAC2A0AE21C928220013AD17 /* violon.mp4 in Resources */ = {isa = PBXBuildFile; fileRef = EAC2A0A921C928220013AD17 /* violon.mp4 */; };
		EAC2A0BB21C9294C0013AD17 /* maybay.mp4 in Resources */ = {isa = PBXBuildFile; fileRef = EAC2A0B021C9294B0013AD17 /* maybay.mp4 */; };
		EAC2A0BC21C9294C0013AD17 /* taulua.mp4 in Resources */ = {isa = PBXBuildFile; fileRef = EAC2A0B121C9294B0013AD17 /* taulua.mp4 */; };
		EAC2A0BD21C9294C0013AD17 /* xehoi.mp4 in Resources */ = {isa = PBXBuildFile; fileRef = EAC2A0B221C9294B0013AD17 /* xehoi.mp4 */; };
		EAC2A0BE21C9294C0013AD17 /* xebus.mp4 in Resources */ = {isa = PBXBuildFile; fileRef = EAC2A0B321C9294B0013AD17 /* xebus.mp4 */; };
		EAC2A0BF21C9294C0013AD17 /* thuyen.mp4 in Resources */ = {isa = PBXBuildFile; fileRef = EAC2A0B421C9294B0013AD17 /* thuyen.mp4 */; };
		EAC2A0C021C9294C0013AD17 /* cho.mp4 in Resources */ = {isa = PBXBuildFile; fileRef = EAC2A0B621C9294C0013AD17 /* cho.mp4 */; };
		EAC2A0C121C9294C0013AD17 /* heo.mp4 in Resources */ = {isa = PBXBuildFile; fileRef = EAC2A0B721C9294C0013AD17 /* heo.mp4 */; };
		EAC2A0C221C9294C0013AD17 /* ga.mp4 in Resources */ = {isa = PBXBuildFile; fileRef = EAC2A0B821C9294C0013AD17 /* ga.mp4 */; };
		EAC2A0C321C9294C0013AD17 /* meo.mp4 in Resources */ = {isa = PBXBuildFile; fileRef = EAC2A0B921C9294C0013AD17 /* meo.mp4 */; };
		EAC2A0C421C9294C0013AD17 /* bo.mp4 in Resources */ = {isa = PBXBuildFile; fileRef = EAC2A0BA21C9294C0013AD17 /* bo.mp4 */; };
		EAC2A0C621C92EDC0013AD17 /* Constants.swift in Sources */ = {isa = PBXBuildFile; fileRef = EAC2A0C521C92EDC0013AD17 /* Constants.swift */; };
		EAC2A0C921C9348E0013AD17 /* UIView+Extentions.swift in Sources */ = {isa = PBXBuildFile; fileRef = EAC2A0C821C9348E0013AD17 /* UIView+Extentions.swift */; };
		EAC2A0CB21C940D00013AD17 /* bong_no.mp3 in Resources */ = {isa = PBXBuildFile; fileRef = EAC2A0CA21C940D00013AD17 /* bong_no.mp3 */; };
/* End PBXBuildFile section */

/* Begin PBXFileReference section */
		EA11D64121C7D9F800EF6120 /* Wrong.mp3 */ = {isa = PBXFileReference; lastKnownFileType = audio.mp3; path = Wrong.mp3; sourceTree = "<group>"; };
		EA11D64221C7D9F800EF6120 /* VoTay.mp3 */ = {isa = PBXFileReference; lastKnownFileType = audio.mp3; path = VoTay.mp3; sourceTree = "<group>"; };
		EA11D64521C7DA0A00EF6120 /* dung roi.wav */ = {isa = PBXFileReference; lastKnownFileType = audio.wav; path = "dung roi.wav"; sourceTree = "<group>"; };
		EA11D64621C7DA0A00EF6120 /* thu cach khac.wav */ = {isa = PBXFileReference; lastKnownFileType = audio.wav; path = "thu cach khac.wav"; sourceTree = "<group>"; };
		EA11D64721C7DA0A00EF6120 /* be that gioi.wav */ = {isa = PBXFileReference; lastKnownFileType = audio.wav; path = "be that gioi.wav"; sourceTree = "<group>"; };
		EA11D64821C7DA0A00EF6120 /* Correct.mp3 */ = {isa = PBXFileReference; lastKnownFileType = audio.mp3; path = Correct.mp3; sourceTree = "<group>"; };
		EA11D64D21C7DA1600EF6120 /* AllFallDown.mp3 */ = {isa = PBXFileReference; lastKnownFileType = audio.mp3; path = AllFallDown.mp3; sourceTree = "<group>"; };
		EA11D65121C7E70E00EF6120 /* DongVatViewController.swift */ = {isa = PBXFileReference; fileEncoding = 4; lastKnownFileType = sourcecode.swift; path = DongVatViewController.swift; sourceTree = "<group>"; };
		EA11D65221C7E70E00EF6120 /* DongVatViewController.xib */ = {isa = PBXFileReference; fileEncoding = 4; lastKnownFileType = file.xib; path = DongVatViewController.xib; sourceTree = "<group>"; };
		EA11D65621C7E73100EF6120 /* NhacCuViewController.swift */ = {isa = PBXFileReference; fileEncoding = 4; lastKnownFileType = sourcecode.swift; path = NhacCuViewController.swift; sourceTree = "<group>"; };
		EA11D65721C7E73100EF6120 /* NhacCuViewController.xib */ = {isa = PBXFileReference; fileEncoding = 4; lastKnownFileType = file.xib; path = NhacCuViewController.xib; sourceTree = "<group>"; };
		EA11D65B21C7E74F00EF6120 /* PhuongTienViewController.swift */ = {isa = PBXFileReference; fileEncoding = 4; lastKnownFileType = sourcecode.swift; path = PhuongTienViewController.swift; sourceTree = "<group>"; };
		EA11D65C21C7E74F00EF6120 /* PhuongTienViewController.xib */ = {isa = PBXFileReference; fileEncoding = 4; lastKnownFileType = file.xib; path = PhuongTienViewController.xib; sourceTree = "<group>"; };
		EA11D66021C7E7CB00EF6120 /* BubbleViewController.xib */ = {isa = PBXFileReference; fileEncoding = 4; lastKnownFileType = file.xib; path = BubbleViewController.xib; sourceTree = "<group>"; };
		EA11D66121C7E7CB00EF6120 /* BubbleViewController.swift */ = {isa = PBXFileReference; fileEncoding = 4; lastKnownFileType = sourcecode.swift; path = BubbleViewController.swift; sourceTree = "<group>"; };
		EA11D66521C7F0B200EF6120 /* ChamSocNewViewController.swift */ = {isa = PBXFileReference; fileEncoding = 4; lastKnownFileType = sourcecode.swift; path = ChamSocNewViewController.swift; sourceTree = "<group>"; };
		EA11D66621C7F0B200EF6120 /* ChamSocNewViewController.xib */ = {isa = PBXFileReference; fileEncoding = 4; lastKnownFileType = file.xib; path = ChamSocNewViewController.xib; sourceTree = "<group>"; };
		EA2D7A8821C5057C00ADDE5D /* Array.swift */ = {isa = PBXFileReference; fileEncoding = 4; lastKnownFileType = sourcecode.swift; path = Array.swift; sourceTree = "<group>"; };
		EA2D7A8B21C507E100ADDE5D /* BaseViewController.swift */ = {isa = PBXFileReference; fileEncoding = 4; lastKnownFileType = sourcecode.swift; path = BaseViewController.swift; sourceTree = "<group>"; };
		EA2D7A8E21C50D4600ADDE5D /* CamXuc1ViewController.swift */ = {isa = PBXFileReference; fileEncoding = 4; lastKnownFileType = sourcecode.swift; path = CamXuc1ViewController.swift; sourceTree = "<group>"; };
		EA2D7A8F21C50D4600ADDE5D /* CamXuc1ViewController.xib */ = {isa = PBXFileReference; fileEncoding = 4; lastKnownFileType = file.xib; path = CamXuc1ViewController.xib; sourceTree = "<group>"; };
		EA9EF49021BE9B37004AF132 /* GameForKids.app */ = {isa = PBXFileReference; explicitFileType = wrapper.application; includeInIndex = 0; path = GameForKids.app; sourceTree = BUILT_PRODUCTS_DIR; };
		EA9EF49321BE9B37004AF132 /* AppDelegate.swift */ = {isa = PBXFileReference; lastKnownFileType = sourcecode.swift; path = AppDelegate.swift; sourceTree = "<group>"; };
		EA9EF49521BE9B37004AF132 /* MainViewController.swift */ = {isa = PBXFileReference; lastKnownFileType = sourcecode.swift; path = MainViewController.swift; sourceTree = "<group>"; };
		EA9EF49821BE9B37004AF132 /* Base */ = {isa = PBXFileReference; lastKnownFileType = file.storyboard; name = Base; path = Base.lproj/Main.storyboard; sourceTree = "<group>"; };
		EA9EF49A21BE9B39004AF132 /* Assets.xcassets */ = {isa = PBXFileReference; lastKnownFileType = folder.assetcatalog; path = Assets.xcassets; sourceTree = "<group>"; };
		EA9EF49D21BE9B39004AF132 /* Base */ = {isa = PBXFileReference; lastKnownFileType = file.storyboard; name = Base; path = Base.lproj/LaunchScreen.storyboard; sourceTree = "<group>"; };
		EA9EF49F21BE9B39004AF132 /* Info.plist */ = {isa = PBXFileReference; lastKnownFileType = text.plist.xml; path = Info.plist; sourceTree = "<group>"; };
		EAC2A0A521C928220013AD17 /* trong.mp4 */ = {isa = PBXFileReference; lastKnownFileType = file; path = trong.mp4; sourceTree = "<group>"; };
		EAC2A0A621C928220013AD17 /* DanTung.mp4 */ = {isa = PBXFileReference; lastKnownFileType = file; path = DanTung.mp4; sourceTree = "<group>"; };
		EAC2A0A721C928220013AD17 /* dan.mp4 */ = {isa = PBXFileReference; lastKnownFileType = file; path = dan.mp4; sourceTree = "<group>"; };
		EAC2A0A821C928220013AD17 /* ken.mp4 */ = {isa = PBXFileReference; lastKnownFileType = file; path = ken.mp4; sourceTree = "<group>"; };
		EAC2A0A921C928220013AD17 /* violon.mp4 */ = {isa = PBXFileReference; lastKnownFileType = file; path = violon.mp4; sourceTree = "<group>"; };
		EAC2A0B021C9294B0013AD17 /* maybay.mp4 */ = {isa = PBXFileReference; lastKnownFileType = file; path = maybay.mp4; sourceTree = "<group>"; };
		EAC2A0B121C9294B0013AD17 /* taulua.mp4 */ = {isa = PBXFileReference; lastKnownFileType = file; path = taulua.mp4; sourceTree = "<group>"; };
		EAC2A0B221C9294B0013AD17 /* xehoi.mp4 */ = {isa = PBXFileReference; lastKnownFileType = file; path = xehoi.mp4; sourceTree = "<group>"; };
		EAC2A0B321C9294B0013AD17 /* xebus.mp4 */ = {isa = PBXFileReference; lastKnownFileType = file; path = xebus.mp4; sourceTree = "<group>"; };
		EAC2A0B421C9294B0013AD17 /* thuyen.mp4 */ = {isa = PBXFileReference; lastKnownFileType = file; path = thuyen.mp4; sourceTree = "<group>"; };
		EAC2A0B621C9294C0013AD17 /* cho.mp4 */ = {isa = PBXFileReference; lastKnownFileType = file; path = cho.mp4; sourceTree = "<group>"; };
		EAC2A0B721C9294C0013AD17 /* heo.mp4 */ = {isa = PBXFileReference; lastKnownFileType = file; path = heo.mp4; sourceTree = "<group>"; };
		EAC2A0B821C9294C0013AD17 /* ga.mp4 */ = {isa = PBXFileReference; lastKnownFileType = file; path = ga.mp4; sourceTree = "<group>"; };
		EAC2A0B921C9294C0013AD17 /* meo.mp4 */ = {isa = PBXFileReference; lastKnownFileType = file; path = meo.mp4; sourceTree = "<group>"; };
		EAC2A0BA21C9294C0013AD17 /* bo.mp4 */ = {isa = PBXFileReference; lastKnownFileType = file; path = bo.mp4; sourceTree = "<group>"; };
		EAC2A0C521C92EDC0013AD17 /* Constants.swift */ = {isa = PBXFileReference; lastKnownFileType = sourcecode.swift; path = Constants.swift; sourceTree = "<group>"; };
		EAC2A0C821C9348E0013AD17 /* UIView+Extentions.swift */ = {isa = PBXFileReference; lastKnownFileType = sourcecode.swift; path = "UIView+Extentions.swift"; sourceTree = "<group>"; };
		EAC2A0CA21C940D00013AD17 /* bong_no.mp3 */ = {isa = PBXFileReference; lastKnownFileType = audio.mp3; path = bong_no.mp3; sourceTree = "<group>"; };
/* End PBXFileReference section */

/* Begin PBXFrameworksBuildPhase section */
		EA9EF48D21BE9B37004AF132 /* Frameworks */ = {
			isa = PBXFrameworksBuildPhase;
			buildActionMask = 2147483647;
			files = (
			);
			runOnlyForDeploymentPostprocessing = 0;
		};
/* End PBXFrameworksBuildPhase section */

/* Begin PBXGroup section */
		EA11D64021C7D9E700EF6120 /* Sound */ = {
			isa = PBXGroup;
			children = (
				EAC2A0CA21C940D00013AD17 /* bong_no.mp3 */,
				EA11D64D21C7DA1600EF6120 /* AllFallDown.mp3 */,
				EA11D64721C7DA0A00EF6120 /* be that gioi.wav */,
				EA11D64821C7DA0A00EF6120 /* Correct.mp3 */,
				EA11D64521C7DA0A00EF6120 /* dung roi.wav */,
				EA11D64621C7DA0A00EF6120 /* thu cach khac.wav */,
				EA11D64221C7D9F800EF6120 /* VoTay.mp3 */,
				EA11D64121C7D9F800EF6120 /* Wrong.mp3 */,
			);
			path = Sound;
			sourceTree = "<group>";
		};
		EA11D64F21C7E6E800EF6120 /* Cam xuc */ = {
			isa = PBXGroup;
			children = (
				EA2D7A8E21C50D4600ADDE5D /* CamXuc1ViewController.swift */,
				EA2D7A8F21C50D4600ADDE5D /* CamXuc1ViewController.xib */,
			);
			path = "Cam xuc";
			sourceTree = "<group>";
		};
		EA11D65021C7E70000EF6120 /* Dong Vat */ = {
			isa = PBXGroup;
			children = (
				EA11D65121C7E70E00EF6120 /* DongVatViewController.swift */,
				EA11D65221C7E70E00EF6120 /* DongVatViewController.xib */,
			);
			path = "Dong Vat";
			sourceTree = "<group>";
		};
		EA11D65521C7E71500EF6120 /* Nhac Cu */ = {
			isa = PBXGroup;
			children = (
				EA11D65621C7E73100EF6120 /* NhacCuViewController.swift */,
				EA11D65721C7E73100EF6120 /* NhacCuViewController.xib */,
			);
			path = "Nhac Cu";
			sourceTree = "<group>";
		};
		EA11D65A21C7E73800EF6120 /* Phuong Tien */ = {
			isa = PBXGroup;
			children = (
				EA11D65B21C7E74F00EF6120 /* PhuongTienViewController.swift */,
				EA11D65C21C7E74F00EF6120 /* PhuongTienViewController.xib */,
			);
			path = "Phuong Tien";
			sourceTree = "<group>";
		};
		EA11D65F21C7E78E00EF6120 /* Bong Bong */ = {
			isa = PBXGroup;
			children = (
				EA11D66121C7E7CB00EF6120 /* BubbleViewController.swift */,
				EA11D66021C7E7CB00EF6120 /* BubbleViewController.xib */,
			);
			path = "Bong Bong";
			sourceTree = "<group>";
		};
		EA11D66421C7F07F00EF6120 /* Cham soc ban than */ = {
			isa = PBXGroup;
			children = (
				EA11D66521C7F0B200EF6120 /* ChamSocNewViewController.swift */,
				EA11D66621C7F0B200EF6120 /* ChamSocNewViewController.xib */,
			);
			path = "Cham soc ban than";
			sourceTree = "<group>";
		};
		EA2D7A8721C5054800ADDE5D /* Utils */ = {
			isa = PBXGroup;
			children = (
				EAC2A0C721C934640013AD17 /* Extentions */,
				EAC2A0A321C9273E0013AD17 /* Video */,
				EA11D64021C7D9E700EF6120 /* Sound */,
			);
			path = Utils;
			sourceTree = "<group>";
		};
		EA2D7A8A21C507CD00ADDE5D /* BaseClass */ = {
			isa = PBXGroup;
			children = (
				EAC2A0C521C92EDC0013AD17 /* Constants.swift */,
				EA2D7A8B21C507E100ADDE5D /* BaseViewController.swift */,
			);
			path = BaseClass;
			sourceTree = "<group>";
		};
		EA2D7A8D21C50D2A00ADDE5D /* ViewControllers */ = {
			isa = PBXGroup;
			children = (
				EA9EF49521BE9B37004AF132 /* MainViewController.swift */,
				EA11D66421C7F07F00EF6120 /* Cham soc ban than */,
				EA11D65F21C7E78E00EF6120 /* Bong Bong */,
				EA11D65A21C7E73800EF6120 /* Phuong Tien */,
				EA11D65521C7E71500EF6120 /* Nhac Cu */,
				EA11D65021C7E70000EF6120 /* Dong Vat */,
				EA11D64F21C7E6E800EF6120 /* Cam xuc */,
			);
			path = ViewControllers;
			sourceTree = "<group>";
		};
		EA9EF48721BE9B37004AF132 = {
			isa = PBXGroup;
			children = (
				EA9EF49221BE9B37004AF132 /* GameForKids */,
				EA9EF49121BE9B37004AF132 /* Products */,
			);
			sourceTree = "<group>";
		};
		EA9EF49121BE9B37004AF132 /* Products */ = {
			isa = PBXGroup;
			children = (
				EA9EF49021BE9B37004AF132 /* GameForKids.app */,
			);
			name = Products;
			sourceTree = "<group>";
		};
		EA9EF49221BE9B37004AF132 /* GameForKids */ = {
			isa = PBXGroup;
			children = (
				EA2D7A8721C5054800ADDE5D /* Utils */,
				EA2D7A8A21C507CD00ADDE5D /* BaseClass */,
				EA2D7A8D21C50D2A00ADDE5D /* ViewControllers */,
				EA9EF49321BE9B37004AF132 /* AppDelegate.swift */,
				EA9EF49721BE9B37004AF132 /* Main.storyboard */,
				EA9EF49A21BE9B39004AF132 /* Assets.xcassets */,
				EA9EF49C21BE9B39004AF132 /* LaunchScreen.storyboard */,
				EA9EF49F21BE9B39004AF132 /* Info.plist */,
			);
			path = GameForKids;
			sourceTree = "<group>";
		};
		EAC2A0A321C9273E0013AD17 /* Video */ = {
			isa = PBXGroup;
			children = (
				EAC2A0B521C9294C0013AD17 /* Dong vat */,
				EAC2A0AF21C9294B0013AD17 /* Phuong tien */,
				EAC2A0A421C928220013AD17 /* Nhac cu */,
			);
			path = Video;
			sourceTree = "<group>";
		};
		EAC2A0A421C928220013AD17 /* Nhac cu */ = {
			isa = PBXGroup;
			children = (
				EAC2A0A521C928220013AD17 /* trong.mp4 */,
				EAC2A0A621C928220013AD17 /* DanTung.mp4 */,
				EAC2A0A721C928220013AD17 /* dan.mp4 */,
				EAC2A0A821C928220013AD17 /* ken.mp4 */,
				EAC2A0A921C928220013AD17 /* violon.mp4 */,
			);
			path = "Nhac cu";
			sourceTree = "<group>";
		};
		EAC2A0AF21C9294B0013AD17 /* Phuong tien */ = {
			isa = PBXGroup;
			children = (
				EAC2A0B021C9294B0013AD17 /* maybay.mp4 */,
				EAC2A0B121C9294B0013AD17 /* taulua.mp4 */,
				EAC2A0B221C9294B0013AD17 /* xehoi.mp4 */,
				EAC2A0B321C9294B0013AD17 /* xebus.mp4 */,
				EAC2A0B421C9294B0013AD17 /* thuyen.mp4 */,
			);
			path = "Phuong tien";
			sourceTree = "<group>";
		};
		EAC2A0B521C9294C0013AD17 /* Dong vat */ = {
			isa = PBXGroup;
			children = (
				EAC2A0B621C9294C0013AD17 /* cho.mp4 */,
				EAC2A0B721C9294C0013AD17 /* heo.mp4 */,
				EAC2A0B821C9294C0013AD17 /* ga.mp4 */,
				EAC2A0B921C9294C0013AD17 /* meo.mp4 */,
				EAC2A0BA21C9294C0013AD17 /* bo.mp4 */,
			);
			path = "Dong vat";
			sourceTree = "<group>";
		};
		EAC2A0C721C934640013AD17 /* Extentions */ = {
			isa = PBXGroup;
			children = (
				EA2D7A8821C5057C00ADDE5D /* Array.swift */,
				EAC2A0C821C9348E0013AD17 /* UIView+Extentions.swift */,
			);
			path = Extentions;
			sourceTree = "<group>";
		};
/* End PBXGroup section */

/* Begin PBXNativeTarget section */
		EA9EF48F21BE9B37004AF132 /* GameForKids */ = {
			isa = PBXNativeTarget;
			buildConfigurationList = EA9EF4A221BE9B39004AF132 /* Build configuration list for PBXNativeTarget "GameForKids" */;
			buildPhases = (
				EA9EF48C21BE9B37004AF132 /* Sources */,
				EA9EF48D21BE9B37004AF132 /* Frameworks */,
				EA9EF48E21BE9B37004AF132 /* Resources */,
			);
			buildRules = (
			);
			dependencies = (
			);
			name = GameForKids;
			productName = GameForKids;
			productReference = EA9EF49021BE9B37004AF132 /* GameForKids.app */;
			productType = "com.apple.product-type.application";
		};
/* End PBXNativeTarget section */

/* Begin PBXProject section */
		EA9EF48821BE9B37004AF132 /* Project object */ = {
			isa = PBXProject;
			attributes = {
				LastSwiftUpdateCheck = 1010;
				LastUpgradeCheck = 1010;
				ORGANIZATIONNAME = Kha;
				TargetAttributes = {
					EA9EF48F21BE9B37004AF132 = {
						CreatedOnToolsVersion = 10.1;
					};
				};
			};
			buildConfigurationList = EA9EF48B21BE9B37004AF132 /* Build configuration list for PBXProject "GameForKids" */;
			compatibilityVersion = "Xcode 9.3";
			developmentRegion = en;
			hasScannedForEncodings = 0;
			knownRegions = (
				en,
				Base,
			);
			mainGroup = EA9EF48721BE9B37004AF132;
			productRefGroup = EA9EF49121BE9B37004AF132 /* Products */;
			projectDirPath = "";
			projectRoot = "";
			targets = (
				EA9EF48F21BE9B37004AF132 /* GameForKids */,
			);
		};
/* End PBXProject section */

/* Begin PBXResourcesBuildPhase section */
		EA9EF48E21BE9B37004AF132 /* Resources */ = {
			isa = PBXResourcesBuildPhase;
			buildActionMask = 2147483647;
			files = (
				EAC2A0AD21C928220013AD17 /* ken.mp4 in Resources */,
				EA11D66221C7E7CB00EF6120 /* BubbleViewController.xib in Resources */,
				EAC2A0AB21C928220013AD17 /* DanTung.mp4 in Resources */,
				EA9EF49E21BE9B39004AF132 /* LaunchScreen.storyboard in Resources */,
				EAC2A0AE21C928220013AD17 /* violon.mp4 in Resources */,
				EAC2A0BD21C9294C0013AD17 /* xehoi.mp4 in Resources */,
				EAC2A0BE21C9294C0013AD17 /* xebus.mp4 in Resources */,
				EA9EF49B21BE9B39004AF132 /* Assets.xcassets in Resources */,
				EAC2A0BC21C9294C0013AD17 /* taulua.mp4 in Resources */,
				EAC2A0C221C9294C0013AD17 /* ga.mp4 in Resources */,
				EA11D64421C7D9F800EF6120 /* VoTay.mp3 in Resources */,
				EAC2A0CB21C940D00013AD17 /* bong_no.mp3 in Resources */,
				EA11D66821C7F0B200EF6120 /* ChamSocNewViewController.xib in Resources */,
				EA11D64921C7DA0A00EF6120 /* dung roi.wav in Resources */,
				EA11D64B21C7DA0A00EF6120 /* be that gioi.wav in Resources */,
				EA11D65E21C7E74F00EF6120 /* PhuongTienViewController.xib in Resources */,
				EAC2A0C121C9294C0013AD17 /* heo.mp4 in Resources */,
				EAC2A0BF21C9294C0013AD17 /* thuyen.mp4 in Resources */,
				EA11D65921C7E73100EF6120 /* NhacCuViewController.xib in Resources */,
				EAC2A0AC21C928220013AD17 /* dan.mp4 in Resources */,
				EAC2A0AA21C928220013AD17 /* trong.mp4 in Resources */,
				EAC2A0BB21C9294C0013AD17 /* maybay.mp4 in Resources */,
				EAC2A0C421C9294C0013AD17 /* bo.mp4 in Resources */,
				EAC2A0C321C9294C0013AD17 /* meo.mp4 in Resources */,
				EA11D64C21C7DA0A00EF6120 /* Correct.mp3 in Resources */,
				EA11D64A21C7DA0A00EF6120 /* thu cach khac.wav in Resources */,
				EAC2A0C021C9294C0013AD17 /* cho.mp4 in Resources */,
				EA11D64321C7D9F800EF6120 /* Wrong.mp3 in Resources */,
				EA11D65421C7E70E00EF6120 /* DongVatViewController.xib in Resources */,
				EA9EF49921BE9B37004AF132 /* Main.storyboard in Resources */,
				EA2D7A9121C50D4600ADDE5D /* CamXuc1ViewController.xib in Resources */,
				EA11D64E21C7DA1600EF6120 /* AllFallDown.mp3 in Resources */,
			);
			runOnlyForDeploymentPostprocessing = 0;
		};
/* End PBXResourcesBuildPhase section */

/* Begin PBXSourcesBuildPhase section */
		EA9EF48C21BE9B37004AF132 /* Sources */ = {
			isa = PBXSourcesBuildPhase;
			buildActionMask = 2147483647;
			files = (
				EA2D7A9021C50D4600ADDE5D /* CamXuc1ViewController.swift in Sources */,
				EAC2A0C621C92EDC0013AD17 /* Constants.swift in Sources */,
				EA11D65D21C7E74F00EF6120 /* PhuongTienViewController.swift in Sources */,
				EAC2A0C921C9348E0013AD17 /* UIView+Extentions.swift in Sources */,
				EA2D7A8921C5057C00ADDE5D /* Array.swift in Sources */,
				EA11D65321C7E70E00EF6120 /* DongVatViewController.swift in Sources */,
				EA11D66321C7E7CB00EF6120 /* BubbleViewController.swift in Sources */,
				EA2D7A8C21C507E100ADDE5D /* BaseViewController.swift in Sources */,
				EA9EF49621BE9B37004AF132 /* MainViewController.swift in Sources */,
				EA11D65821C7E73100EF6120 /* NhacCuViewController.swift in Sources */,
				EA11D66721C7F0B200EF6120 /* ChamSocNewViewController.swift in Sources */,
				EA9EF49421BE9B37004AF132 /* AppDelegate.swift in Sources */,
			);
			runOnlyForDeploymentPostprocessing = 0;
		};
/* End PBXSourcesBuildPhase section */

/* Begin PBXVariantGroup section */
		EA9EF49721BE9B37004AF132 /* Main.storyboard */ = {
			isa = PBXVariantGroup;
			children = (
				EA9EF49821BE9B37004AF132 /* Base */,
			);
			name = Main.storyboard;
			sourceTree = "<group>";
		};
		EA9EF49C21BE9B39004AF132 /* LaunchScreen.storyboard */ = {
			isa = PBXVariantGroup;
			children = (
				EA9EF49D21BE9B39004AF132 /* Base */,
			);
			name = LaunchScreen.storyboard;
			sourceTree = "<group>";
		};
/* End PBXVariantGroup section */

/* Begin XCBuildConfiguration section */
		EA9EF4A021BE9B39004AF132 /* Debug */ = {
			isa = XCBuildConfiguration;
			buildSettings = {
				ALWAYS_SEARCH_USER_PATHS = NO;
				CLANG_ANALYZER_NONNULL = YES;
				CLANG_ANALYZER_NUMBER_OBJECT_CONVERSION = YES_AGGRESSIVE;
				CLANG_CXX_LANGUAGE_STANDARD = "gnu++14";
				CLANG_CXX_LIBRARY = "libc++";
				CLANG_ENABLE_MODULES = YES;
				CLANG_ENABLE_OBJC_ARC = YES;
				CLANG_ENABLE_OBJC_WEAK = YES;
				CLANG_WARN_BLOCK_CAPTURE_AUTORELEASING = YES;
				CLANG_WARN_BOOL_CONVERSION = YES;
				CLANG_WARN_COMMA = YES;
				CLANG_WARN_CONSTANT_CONVERSION = YES;
				CLANG_WARN_DEPRECATED_OBJC_IMPLEMENTATIONS = YES;
				CLANG_WARN_DIRECT_OBJC_ISA_USAGE = YES_ERROR;
				CLANG_WARN_DOCUMENTATION_COMMENTS = YES;
				CLANG_WARN_EMPTY_BODY = YES;
				CLANG_WARN_ENUM_CONVERSION = YES;
				CLANG_WARN_INFINITE_RECURSION = YES;
				CLANG_WARN_INT_CONVERSION = YES;
				CLANG_WARN_NON_LITERAL_NULL_CONVERSION = YES;
				CLANG_WARN_OBJC_IMPLICIT_RETAIN_SELF = YES;
				CLANG_WARN_OBJC_LITERAL_CONVERSION = YES;
				CLANG_WARN_OBJC_ROOT_CLASS = YES_ERROR;
				CLANG_WARN_RANGE_LOOP_ANALYSIS = YES;
				CLANG_WARN_STRICT_PROTOTYPES = YES;
				CLANG_WARN_SUSPICIOUS_MOVE = YES;
				CLANG_WARN_UNGUARDED_AVAILABILITY = YES_AGGRESSIVE;
				CLANG_WARN_UNREACHABLE_CODE = YES;
				CLANG_WARN__DUPLICATE_METHOD_MATCH = YES;
				CODE_SIGN_IDENTITY = "iPhone Developer";
				COPY_PHASE_STRIP = NO;
				DEBUG_INFORMATION_FORMAT = dwarf;
				ENABLE_STRICT_OBJC_MSGSEND = YES;
				ENABLE_TESTABILITY = YES;
				GCC_C_LANGUAGE_STANDARD = gnu11;
				GCC_DYNAMIC_NO_PIC = NO;
				GCC_NO_COMMON_BLOCKS = YES;
				GCC_OPTIMIZATION_LEVEL = 0;
				GCC_PREPROCESSOR_DEFINITIONS = (
					"DEBUG=1",
					"$(inherited)",
				);
				GCC_WARN_64_TO_32_BIT_CONVERSION = YES;
				GCC_WARN_ABOUT_RETURN_TYPE = YES_ERROR;
				GCC_WARN_UNDECLARED_SELECTOR = YES;
				GCC_WARN_UNINITIALIZED_AUTOS = YES_AGGRESSIVE;
				GCC_WARN_UNUSED_FUNCTION = YES;
				GCC_WARN_UNUSED_VARIABLE = YES;
				IPHONEOS_DEPLOYMENT_TARGET = 12.1;
				MTL_ENABLE_DEBUG_INFO = INCLUDE_SOURCE;
				MTL_FAST_MATH = YES;
				ONLY_ACTIVE_ARCH = YES;
				SDKROOT = iphoneos;
				SWIFT_ACTIVE_COMPILATION_CONDITIONS = DEBUG;
				SWIFT_OPTIMIZATION_LEVEL = "-Onone";
			};
			name = Debug;
		};
		EA9EF4A121BE9B39004AF132 /* Release */ = {
			isa = XCBuildConfiguration;
			buildSettings = {
				ALWAYS_SEARCH_USER_PATHS = NO;
				CLANG_ANALYZER_NONNULL = YES;
				CLANG_ANALYZER_NUMBER_OBJECT_CONVERSION = YES_AGGRESSIVE;
				CLANG_CXX_LANGUAGE_STANDARD = "gnu++14";
				CLANG_CXX_LIBRARY = "libc++";
				CLANG_ENABLE_MODULES = YES;
				CLANG_ENABLE_OBJC_ARC = YES;
				CLANG_ENABLE_OBJC_WEAK = YES;
				CLANG_WARN_BLOCK_CAPTURE_AUTORELEASING = YES;
				CLANG_WARN_BOOL_CONVERSION = YES;
				CLANG_WARN_COMMA = YES;
				CLANG_WARN_CONSTANT_CONVERSION = YES;
				CLANG_WARN_DEPRECATED_OBJC_IMPLEMENTATIONS = YES;
				CLANG_WARN_DIRECT_OBJC_ISA_USAGE = YES_ERROR;
				CLANG_WARN_DOCUMENTATION_COMMENTS = YES;
				CLANG_WARN_EMPTY_BODY = YES;
				CLANG_WARN_ENUM_CONVERSION = YES;
				CLANG_WARN_INFINITE_RECURSION = YES;
				CLANG_WARN_INT_CONVERSION = YES;
				CLANG_WARN_NON_LITERAL_NULL_CONVERSION = YES;
				CLANG_WARN_OBJC_IMPLICIT_RETAIN_SELF = YES;
				CLANG_WARN_OBJC_LITERAL_CONVERSION = YES;
				CLANG_WARN_OBJC_ROOT_CLASS = YES_ERROR;
				CLANG_WARN_RANGE_LOOP_ANALYSIS = YES;
				CLANG_WARN_STRICT_PROTOTYPES = YES;
				CLANG_WARN_SUSPICIOUS_MOVE = YES;
				CLANG_WARN_UNGUARDED_AVAILABILITY = YES_AGGRESSIVE;
				CLANG_WARN_UNREACHABLE_CODE = YES;
				CLANG_WARN__DUPLICATE_METHOD_MATCH = YES;
				CODE_SIGN_IDENTITY = "iPhone Developer";
				COPY_PHASE_STRIP = NO;
				DEBUG_INFORMATION_FORMAT = "dwarf-with-dsym";
				ENABLE_NS_ASSERTIONS = NO;
				ENABLE_STRICT_OBJC_MSGSEND = YES;
				GCC_C_LANGUAGE_STANDARD = gnu11;
				GCC_NO_COMMON_BLOCKS = YES;
				GCC_WARN_64_TO_32_BIT_CONVERSION = YES;
				GCC_WARN_ABOUT_RETURN_TYPE = YES_ERROR;
				GCC_WARN_UNDECLARED_SELECTOR = YES;
				GCC_WARN_UNINITIALIZED_AUTOS = YES_AGGRESSIVE;
				GCC_WARN_UNUSED_FUNCTION = YES;
				GCC_WARN_UNUSED_VARIABLE = YES;
				IPHONEOS_DEPLOYMENT_TARGET = 12.1;
				MTL_ENABLE_DEBUG_INFO = NO;
				MTL_FAST_MATH = YES;
				SDKROOT = iphoneos;
				SWIFT_COMPILATION_MODE = wholemodule;
				SWIFT_OPTIMIZATION_LEVEL = "-O";
				VALIDATE_PRODUCT = YES;
			};
			name = Release;
		};
		EA9EF4A321BE9B39004AF132 /* Debug */ = {
			isa = XCBuildConfiguration;
			buildSettings = {
				ASSETCATALOG_COMPILER_APPICON_NAME = AppIcon;
				CODE_SIGN_STYLE = Automatic;
				DEVELOPMENT_TEAM = G4AJ9N8S8W;
				INFOPLIST_FILE = GameForKids/Info.plist;
				IPHONEOS_DEPLOYMENT_TARGET = 10.0;
				LD_RUNPATH_SEARCH_PATHS = (
					"$(inherited)",
					"@executable_path/Frameworks",
				);
				PRODUCT_BUNDLE_IDENTIFIER = com.kha.GameForKids;
				PRODUCT_NAME = "$(TARGET_NAME)";
				SWIFT_VERSION = 4.2;
				TARGETED_DEVICE_FAMILY = 2;
			};
			name = Debug;
		};
		EA9EF4A421BE9B39004AF132 /* Release */ = {
			isa = XCBuildConfiguration;
			buildSettings = {
				ASSETCATALOG_COMPILER_APPICON_NAME = AppIcon;
				CODE_SIGN_STYLE = Automatic;
				DEVELOPMENT_TEAM = G4AJ9N8S8W;
				INFOPLIST_FILE = GameForKids/Info.plist;
				IPHONEOS_DEPLOYMENT_TARGET = 10.0;
				LD_RUNPATH_SEARCH_PATHS = (
					"$(inherited)",
					"@executable_path/Frameworks",
				);
				PRODUCT_BUNDLE_IDENTIFIER = com.kha.GameForKids;
				PRODUCT_NAME = "$(TARGET_NAME)";
				SWIFT_VERSION = 4.2;
				TARGETED_DEVICE_FAMILY = 2;
			};
			name = Release;
		};
/* End XCBuildConfiguration section */

/* Begin XCConfigurationList section */
		EA9EF48B21BE9B37004AF132 /* Build configuration list for PBXProject "GameForKids" */ = {
			isa = XCConfigurationList;
			buildConfigurations = (
				EA9EF4A021BE9B39004AF132 /* Debug */,
				EA9EF4A121BE9B39004AF132 /* Release */,
			);
			defaultConfigurationIsVisible = 0;
			defaultConfigurationName = Release;
		};
		EA9EF4A221BE9B39004AF132 /* Build configuration list for PBXNativeTarget "GameForKids" */ = {
			isa = XCConfigurationList;
			buildConfigurations = (
				EA9EF4A321BE9B39004AF132 /* Debug */,
				EA9EF4A421BE9B39004AF132 /* Release */,
			);
			defaultConfigurationIsVisible = 0;
			defaultConfigurationName = Release;
		};
/* End XCConfigurationList section */
	};
	rootObject = EA9EF48821BE9B37004AF132 /* Project object */;
}
